
Microsoft Visual Studio Solution File, Format Version 12.00
# Visual Studio Version 16
VisualStudioVersion = 16.0.31321.278
MinimumVisualStudioVersion = 10.0.40219.1
Project("{9A19103F-16F7-4668-BE54-9A1E7A4F7556}") = "Hangman", "Hangman\Hangman.csproj", "{6B4165C7-EAC2-402D-A84D-CEDC15A0C70E}"
EndProject
Project("{FAE04EC0-301F-11D3-BF4B-00C04F79EFBC}") = "Hangman.test", "Hangman.test\Hangman.test.csproj", "{F9F31B44-AF21-472F-9AB6-96E791A69690}"
EndProject
Global
	GlobalSection(SolutionConfigurationPlatforms) = preSolution
		Debug|Any CPU = Debug|Any CPU
		Release|Any CPU = Release|Any CPU
	EndGlobalSection
	GlobalSection(ProjectConfigurationPlatforms) = postSolution
		{6B4165C7-EAC2-402D-A84D-CEDC15A0C70E}.Debug|Any CPU.ActiveCfg = Debug|Any CPU
		{6B4165C7-EAC2-402D-A84D-CEDC15A0C70E}.Debug|Any CPU.Build.0 = Debug|Any CPU
		{6B4165C7-EAC2-402D-A84D-CEDC15A0C70E}.Release|Any CPU.ActiveCfg = Release|Any CPU
		{6B4165C7-EAC2-402D-A84D-CEDC15A0C70E}.Release|Any CPU.Build.0 = Release|Any CPU
		{F9F31B44-AF21-472F-9AB6-96E791A69690}.Debug|Any CPU.ActiveCfg = Debug|Any CPU
		{F9F31B44-AF21-472F-9AB6-96E791A69690}.Debug|Any CPU.Build.0 = Debug|Any CPU
		{F9F31B44-AF21-472F-9AB6-96E791A69690}.Release|Any CPU.ActiveCfg = Release|Any CPU
		{F9F31B44-AF21-472F-9AB6-96E791A69690}.Release|Any CPU.Build.0 = Release|Any CPU
	EndGlobalSection
	GlobalSection(SolutionProperties) = preSolution
		HideSolutionNode = FALSE
	EndGlobalSection
	GlobalSection(ExtensibilityGlobals) = postSolution
		SolutionGuid = {7DEC4847-DA7A-4B46-83A0-CDE276051DC0}
	EndGlobalSection
EndGlobal
